PODS:
  - Ents (3.1.7)
  - LKVCKit (2.4):
    - Ents

DEPENDENCIES:
  - Ents (from `https://github.com/AbZorbaGames/Ents.git`)
  - LKVCKit (from `../`)

EXTERNAL SOURCES:
  Ents:
    :git: https://github.com/AbZorbaGames/Ents.git
  LKVCKit:
    :path: "../"

CHECKOUT OPTIONS:
  Ents:
    :commit: 8bd7e496108f43a32b088dc0bde148f26edc3917
    :git: https://github.com/AbZorbaGames/Ents.git

SPEC CHECKSUMS:
  Ents: 646f2a5459fb5b3cbbdb8a21bb8977e75a24e3b5
  LKVCKit: efd3ee0abd9d73aeed27d51f0f8982d385c2d368

PODFILE CHECKSUM: 144ced8d27f1fa52dc2327944f67757e66db2ebe

COCOAPODS: 1.6.0
